
Microsoft Visual Studio Solution File, Format Version 12.00
# Visual Studio Version 16
VisualStudioVersion = 16.0.32126.315
MinimumVisualStudioVersion = 10.0.40219.1
Project("{9A19103F-16F7-4668-BE54-9A1E7A4F7556}") = "CrudOperation", "CrudOperation\CrudOperation.csproj", "{80C4256D-BE8E-4E65-8A65-976114F28B67}"
EndProject
Project("{9A19103F-16F7-4668-BE54-9A1E7A4F7556}") = "Domain", "Domain\Domain.csproj", "{9E4D9476-F63D-41AD-BE76-0D86361FDD40}"
EndProject
Project("{9A19103F-16F7-4668-BE54-9A1E7A4F7556}") = "Application", "Application\Application.csproj", "{B744CB02-A1F8-4D3B-9228-AB671403EBFE}"
EndProject
Project("{9A19103F-16F7-4668-BE54-9A1E7A4F7556}") = "Persistence", "Infrastructure\Persistence.csproj", "{2BDDA642-AF4B-4D22-B82E-0B80E65A44E8}"
EndProject
Project("{2150E333-8FDC-42A3-9474-1A3956D46DE8}") = "src", "src", "{3597DB26-3353-4C29-9E78-B88C7EF553C6}"
EndProject
Project("{2150E333-8FDC-42A3-9474-1A3956D46DE8}") = "Core", "Core", "{6FE059A9-1EA2-4F08-ACD5-F51DB5AB0AE8}"
EndProject
Project("{2150E333-8FDC-42A3-9474-1A3956D46DE8}") = "Infrastructure", "Infrastructure", "{931F566B-F7F3-44AB-AC17-97021A97569E}"
EndProject
Project("{2150E333-8FDC-42A3-9474-1A3956D46DE8}") = "WebApi", "WebApi", "{B06D78EB-E8B3-44D6-B41F-2165FC2CC179}"
EndProject
Project("{9A19103F-16F7-4668-BE54-9A1E7A4F7556}") = "Data", "Data\Data.csproj", "{C262D59E-977C-4F50-8B13-482C7E1E4F7A}"
EndProject
Project("{9A19103F-16F7-4668-BE54-9A1E7A4F7556}") = "Shared", "Shared\Shared.csproj", "{8E4BEA81-1D9E-4224-B709-BB1D83B7A3F1}"
EndProject
Project("{2150E333-8FDC-42A3-9474-1A3956D46DE8}") = "Common", "Common", "{90C043AF-3289-4D7F-B2F9-B4EB830F015B}"
EndProject
Project("{FAE04EC0-301F-11D3-BF4B-00C04F79EFBC}") = "Common", "Common\Common.csproj", "{3293AA88-35F9-4DB7-BF19-52C15FEFD304}"
EndProject
Global
	GlobalSection(SolutionConfigurationPlatforms) = preSolution
		Debug|Any CPU = Debug|Any CPU
		Release|Any CPU = Release|Any CPU
	EndGlobalSection
	GlobalSection(ProjectConfigurationPlatforms) = postSolution
		{80C4256D-BE8E-4E65-8A65-976114F28B67}.Debug|Any CPU.ActiveCfg = Debug|Any CPU
		{80C4256D-BE8E-4E65-8A65-976114F28B67}.Debug|Any CPU.Build.0 = Debug|Any CPU
		{80C4256D-BE8E-4E65-8A65-976114F28B67}.Release|Any CPU.ActiveCfg = Release|Any CPU
		{80C4256D-BE8E-4E65-8A65-976114F28B67}.Release|Any CPU.Build.0 = Release|Any CPU
		{9E4D9476-F63D-41AD-BE76-0D86361FDD40}.Debug|Any CPU.ActiveCfg = Debug|Any CPU
		{9E4D9476-F63D-41AD-BE76-0D86361FDD40}.Debug|Any CPU.Build.0 = Debug|Any CPU
		{9E4D9476-F63D-41AD-BE76-0D86361FDD40}.Release|Any CPU.ActiveCfg = Release|Any CPU
		{9E4D9476-F63D-41AD-BE76-0D86361FDD40}.Release|Any CPU.Build.0 = Release|Any CPU
		{B744CB02-A1F8-4D3B-9228-AB671403EBFE}.Debug|Any CPU.ActiveCfg = Debug|Any CPU
		{B744CB02-A1F8-4D3B-9228-AB671403EBFE}.Debug|Any CPU.Build.0 = Debug|Any CPU
		{B744CB02-A1F8-4D3B-9228-AB671403EBFE}.Release|Any CPU.ActiveCfg = Release|Any CPU
		{B744CB02-A1F8-4D3B-9228-AB671403EBFE}.Release|Any CPU.Build.0 = Release|Any CPU
		{2BDDA642-AF4B-4D22-B82E-0B80E65A44E8}.Debug|Any CPU.ActiveCfg = Debug|Any CPU
		{2BDDA642-AF4B-4D22-B82E-0B80E65A44E8}.Debug|Any CPU.Build.0 = Debug|Any CPU
		{2BDDA642-AF4B-4D22-B82E-0B80E65A44E8}.Release|Any CPU.ActiveCfg = Release|Any CPU
		{2BDDA642-AF4B-4D22-B82E-0B80E65A44E8}.Release|Any CPU.Build.0 = Release|Any CPU
		{C262D59E-977C-4F50-8B13-482C7E1E4F7A}.Debug|Any CPU.ActiveCfg = Debug|Any CPU
		{C262D59E-977C-4F50-8B13-482C7E1E4F7A}.Debug|Any CPU.Build.0 = Debug|Any CPU
		{C262D59E-977C-4F50-8B13-482C7E1E4F7A}.Release|Any CPU.ActiveCfg = Release|Any CPU
		{C262D59E-977C-4F50-8B13-482C7E1E4F7A}.Release|Any CPU.Build.0 = Release|Any CPU
		{8E4BEA81-1D9E-4224-B709-BB1D83B7A3F1}.Debug|Any CPU.ActiveCfg = Debug|Any CPU
		{8E4BEA81-1D9E-4224-B709-BB1D83B7A3F1}.Debug|Any CPU.Build.0 = Debug|Any CPU
		{8E4BEA81-1D9E-4224-B709-BB1D83B7A3F1}.Release|Any CPU.ActiveCfg = Release|Any CPU
		{8E4BEA81-1D9E-4224-B709-BB1D83B7A3F1}.Release|Any CPU.Build.0 = Release|Any CPU
		{3293AA88-35F9-4DB7-BF19-52C15FEFD304}.Debug|Any CPU.ActiveCfg = Debug|Any CPU
		{3293AA88-35F9-4DB7-BF19-52C15FEFD304}.Debug|Any CPU.Build.0 = Debug|Any CPU
		{3293AA88-35F9-4DB7-BF19-52C15FEFD304}.Release|Any CPU.ActiveCfg = Release|Any CPU
		{3293AA88-35F9-4DB7-BF19-52C15FEFD304}.Release|Any CPU.Build.0 = Release|Any CPU
	EndGlobalSection
	GlobalSection(SolutionProperties) = preSolution
		HideSolutionNode = FALSE
	EndGlobalSection
	GlobalSection(NestedProjects) = preSolution
		{80C4256D-BE8E-4E65-8A65-976114F28B67} = {B06D78EB-E8B3-44D6-B41F-2165FC2CC179}
		{9E4D9476-F63D-41AD-BE76-0D86361FDD40} = {6FE059A9-1EA2-4F08-ACD5-F51DB5AB0AE8}
		{B744CB02-A1F8-4D3B-9228-AB671403EBFE} = {6FE059A9-1EA2-4F08-ACD5-F51DB5AB0AE8}
		{2BDDA642-AF4B-4D22-B82E-0B80E65A44E8} = {931F566B-F7F3-44AB-AC17-97021A97569E}
		{6FE059A9-1EA2-4F08-ACD5-F51DB5AB0AE8} = {3597DB26-3353-4C29-9E78-B88C7EF553C6}
		{931F566B-F7F3-44AB-AC17-97021A97569E} = {3597DB26-3353-4C29-9E78-B88C7EF553C6}
		{B06D78EB-E8B3-44D6-B41F-2165FC2CC179} = {3597DB26-3353-4C29-9E78-B88C7EF553C6}
		{C262D59E-977C-4F50-8B13-482C7E1E4F7A} = {931F566B-F7F3-44AB-AC17-97021A97569E}
		{8E4BEA81-1D9E-4224-B709-BB1D83B7A3F1} = {931F566B-F7F3-44AB-AC17-97021A97569E}
		{90C043AF-3289-4D7F-B2F9-B4EB830F015B} = {3597DB26-3353-4C29-9E78-B88C7EF553C6}
		{3293AA88-35F9-4DB7-BF19-52C15FEFD304} = {90C043AF-3289-4D7F-B2F9-B4EB830F015B}
	EndGlobalSection
	GlobalSection(ExtensibilityGlobals) = postSolution
		SolutionGuid = {18A6F7F4-B29E-45C9-98F7-86C182C4D5C1}
	EndGlobalSection
EndGlobal
